
Microsoft Visual Studio Solution File, Format Version 12.00
# Visual Studio Version 17
VisualStudioVersion = 17.5.002.0
MinimumVisualStudioVersion = 10.0.40219.1
Project("{9A19103F-16F7-4668-BE54-9A1E7A4F7556}") = "zooproject10", "zooproject10.csproj", "{0100AF5C-EDF9-4ACF-9821-8B61994473ED}"
EndProject
Global
	GlobalSection(SolutionConfigurationPlatforms) = preSolution
		Debug|Any CPU = Debug|Any CPU
		Release|Any CPU = Release|Any CPU
	EndGlobalSection
	GlobalSection(ProjectConfigurationPlatforms) = postSolution
		{0100AF5C-EDF9-4ACF-9821-8B61994473ED}.Debug|Any CPU.ActiveCfg = Debug|Any CPU
		{0100AF5C-EDF9-4ACF-9821-8B61994473ED}.Debug|Any CPU.Build.0 = Debug|Any CPU
		{0100AF5C-EDF9-4ACF-9821-8B61994473ED}.Release|Any CPU.ActiveCfg = Release|Any CPU
		{0100AF5C-EDF9-4ACF-9821-8B61994473ED}.Release|Any CPU.Build.0 = Release|Any CPU
	EndGlobalSection
	GlobalSection(SolutionProperties) = preSolution
		HideSolutionNode = FALSE
	EndGlobalSection
	GlobalSection(ExtensibilityGlobals) = postSolution
		SolutionGuid = {37CAA618-F5AF-4E4A-9B73-1C5D52C82890}
	EndGlobalSection
EndGlobal
